
Microsoft Visual Studio Solution File, Format Version 12.00
# Visual Studio 15
VisualStudioVersion = 15.0.26730.12
MinimumVisualStudioVersion = 10.0.40219.1
Project("{FAE04EC0-301F-11D3-BF4B-00C04F79EFBC}") = "prac_imagenes.Android", "prac_imagenes\prac_imagenes.Android\prac_imagenes.Android.csproj", "{C7B604F2-F252-4E75-A394-595149E35A11}"
EndProject
Project("{FAE04EC0-301F-11D3-BF4B-00C04F79EFBC}") = "prac_imagenes", "prac_imagenes\prac_imagenes\prac_imagenes.csproj", "{F01E3E0A-F705-454F-ACD5-4CBBF9B585B2}"
EndProject
Project("{FAE04EC0-301F-11D3-BF4B-00C04F79EFBC}") = "prac_imagenes.UWP", "prac_imagenes\prac_imagenes.UWP\prac_imagenes.UWP.csproj", "{866433E3-0342-4790-9446-5A586F824E10}"
EndProject
Project("{FAE04EC0-301F-11D3-BF4B-00C04F79EFBC}") = "prac_imagenes.iOS", "prac_imagenes\prac_imagenes.iOS\prac_imagenes.iOS.csproj", "{C8221DA4-B3A0-4B86-843F-F4D9FBACDA8F}"
EndProject
Global
	GlobalSection(SolutionConfigurationPlatforms) = preSolution
		Ad-Hoc|Any CPU = Ad-Hoc|Any CPU
		Ad-Hoc|ARM = Ad-Hoc|ARM
		Ad-Hoc|iPhone = Ad-Hoc|iPhone
		Ad-Hoc|iPhoneSimulator = Ad-Hoc|iPhoneSimulator
		Ad-Hoc|x64 = Ad-Hoc|x64
		Ad-Hoc|x86 = Ad-Hoc|x86
		AppStore|Any CPU = AppStore|Any CPU
		AppStore|ARM = AppStore|ARM
		AppStore|iPhone = AppStore|iPhone
		AppStore|iPhoneSimulator = AppStore|iPhoneSimulator
		AppStore|x64 = AppStore|x64
		AppStore|x86 = AppStore|x86
		Debug|Any CPU = Debug|Any CPU
		Debug|ARM = Debug|ARM
		Debug|iPhone = Debug|iPhone
		Debug|iPhoneSimulator = Debug|iPhoneSimulator
		Debug|x64 = Debug|x64
		Debug|x86 = Debug|x86
		Release|Any CPU = Release|Any CPU
		Release|ARM = Release|ARM
		Release|iPhone = Release|iPhone
		Release|iPhoneSimulator = Release|iPhoneSimulator
		Release|x64 = Release|x64
		Release|x86 = Release|x86
	EndGlobalSection
	GlobalSection(ProjectConfigurationPlatforms) = postSolution
		{C7B604F2-F252-4E75-A394-595149E35A11}.Ad-Hoc|Any CPU.ActiveCfg = Release|Any CPU
		{C7B604F2-F252-4E75-A394-595149E35A11}.Ad-Hoc|Any CPU.Build.0 = Release|Any CPU
		{C7B604F2-F252-4E75-A394-595149E35A11}.Ad-Hoc|Any CPU.Deploy.0 = Release|Any CPU
		{C7B604F2-F252-4E75-A394-595149E35A11}.Ad-Hoc|ARM.ActiveCfg = Release|Any CPU
		{C7B604F2-F252-4E75-A394-595149E35A11}.Ad-Hoc|ARM.Build.0 = Release|Any CPU
		{C7B604F2-F252-4E75-A394-595149E35A11}.Ad-Hoc|ARM.Deploy.0 = Release|Any CPU
		{C7B604F2-F252-4E75-A394-595149E35A11}.Ad-Hoc|iPhone.ActiveCfg = Release|Any CPU
		{C7B604F2-F252-4E75-A394-595149E35A11}.Ad-Hoc|iPhone.Build.0 = Release|Any CPU
		{C7B604F2-F252-4E75-A394-595149E35A11}.Ad-Hoc|iPhone.Deploy.0 = Release|Any CPU
		{C7B604F2-F252-4E75-A394-595149E35A11}.Ad-Hoc|iPhoneSimulator.ActiveCfg = Release|Any CPU
		{C7B604F2-F252-4E75-A394-595149E35A11}.Ad-Hoc|iPhoneSimulator.Build.0 = Release|Any CPU
		{C7B604F2-F252-4E75-A394-595149E35A11}.Ad-Hoc|iPhoneSimulator.Deploy.0 = Release|Any CPU
		{C7B604F2-F252-4E75-A394-595149E35A11}.Ad-Hoc|x64.ActiveCfg = Release|Any CPU
		{C7B604F2-F252-4E75-A394-595149E35A11}.Ad-Hoc|x64.Build.0 = Release|Any CPU
		{C7B604F2-F252-4E75-A394-595149E35A11}.Ad-Hoc|x64.Deploy.0 = Release|Any CPU
		{C7B604F2-F252-4E75-A394-595149E35A11}.Ad-Hoc|x86.ActiveCfg = Release|Any CPU
		{C7B604F2-F252-4E75-A394-595149E35A11}.Ad-Hoc|x86.Build.0 = Release|Any CPU
		{C7B604F2-F252-4E75-A394-595149E35A11}.Ad-Hoc|x86.Deploy.0 = Release|Any CPU
		{C7B604F2-F252-4E75-A394-595149E35A11}.AppStore|Any CPU.ActiveCfg = Release|Any CPU
		{C7B604F2-F252-4E75-A394-595149E35A11}.AppStore|Any CPU.Build.0 = Release|Any CPU
		{C7B604F2-F252-4E75-A394-595149E35A11}.AppStore|Any CPU.Deploy.0 = Release|Any CPU
		{C7B604F2-F252-4E75-A394-595149E35A11}.AppStore|ARM.ActiveCfg = Release|Any CPU
		{C7B604F2-F252-4E75-A394-595149E35A11}.AppStore|ARM.Build.0 = Release|Any CPU
		{C7B604F2-F252-4E75-A394-595149E35A11}.AppStore|ARM.Deploy.0 = Release|Any CPU
		{C7B604F2-F252-4E75-A394-595149E35A11}.AppStore|iPhone.ActiveCfg = Release|Any CPU
		{C7B604F2-F252-4E75-A394-595149E35A11}.AppStore|iPhone.Build.0 = Release|Any CPU
		{C7B604F2-F252-4E75-A394-595149E35A11}.AppStore|iPhone.Deploy.0 = Release|Any CPU
		{C7B604F2-F252-4E75-A394-595149E35A11}.AppStore|iPhoneSimulator.ActiveCfg = Release|Any CPU
		{C7B604F2-F252-4E75-A394-595149E35A11}.AppStore|iPhoneSimulator.Build.0 = Release|Any CPU
		{C7B604F2-F252-4E75-A394-595149E35A11}.AppStore|iPhoneSimulator.Deploy.0 = Release|Any CPU
		{C7B604F2-F252-4E75-A394-595149E35A11}.AppStore|x64.ActiveCfg = Release|Any CPU
		{C7B604F2-F252-4E75-A394-595149E35A11}.AppStore|x64.Build.0 = Release|Any CPU
		{C7B604F2-F252-4E75-A394-595149E35A11}.AppStore|x64.Deploy.0 = Release|Any CPU
		{C7B604F2-F252-4E75-A394-595149E35A11}.AppStore|x86.ActiveCfg = Release|Any CPU
		{C7B604F2-F252-4E75-A394-595149E35A11}.AppStore|x86.Build.0 = Release|Any CPU
		{C7B604F2-F252-4E75-A394-595149E35A11}.AppStore|x86.Deploy.0 = Release|Any CPU
		{C7B604F2-F252-4E75-A394-595149E35A11}.Debug|Any CPU.ActiveCfg = Debug|Any CPU
		{C7B604F2-F252-4E75-A394-595149E35A11}.Debug|Any CPU.Build.0 = Debug|Any CPU
		{C7B604F2-F252-4E75-A394-595149E35A11}.Debug|Any CPU.Deploy.0 = Debug|Any CPU
		{C7B604F2-F252-4E75-A394-595149E35A11}.Debug|ARM.ActiveCfg = Debug|Any CPU
		{C7B604F2-F252-4E75-A394-595149E35A11}.Debug|ARM.Build.0 = Debug|Any CPU
		{C7B604F2-F252-4E75-A394-595149E35A11}.Debug|ARM.Deploy.0 = Debug|Any CPU
		{C7B604F2-F252-4E75-A394-595149E35A11}.Debug|iPhone.ActiveCfg = Debug|Any CPU
		{C7B604F2-F252-4E75-A394-595149E35A11}.Debug|iPhone.Build.0 = Debug|Any CPU
		{C7B604F2-F252-4E75-A394-595149E35A11}.Debug|iPhone.Deploy.0 = Debug|Any CPU
		{C7B604F2-F252-4E75-A394-595149E35A11}.Debug|iPhoneSimulator.ActiveCfg = Debug|Any CPU
		{C7B604F2-F252-4E75-A394-595149E35A11}.Debug|iPhoneSimulator.Build.0 = Debug|Any CPU
		{C7B604F2-F252-4E75-A394-595149E35A11}.Debug|iPhoneSimulator.Deploy.0 = Debug|Any CPU
		{C7B604F2-F252-4E75-A394-595149E35A11}.Debug|x64.ActiveCfg = Debug|Any CPU
		{C7B604F2-F252-4E75-A394-595149E35A11}.Debug|x64.Build.0 = Debug|Any CPU
		{C7B604F2-F252-4E75-A394-595149E35A11}.Debug|x64.Deploy.0 = Debug|Any CPU
		{C7B604F2-F252-4E75-A394-595149E35A11}.Debug|x86.ActiveCfg = Debug|Any CPU
		{C7B604F2-F252-4E75-A394-595149E35A11}.Debug|x86.Build.0 = Debug|Any CPU
		{C7B604F2-F252-4E75-A394-595149E35A11}.Debug|x86.Deploy.0 = Debug|Any CPU
		{C7B604F2-F252-4E75-A394-595149E35A11}.Release|Any CPU.ActiveCfg = Release|Any CPU
		{C7B604F2-F252-4E75-A394-595149E35A11}.Release|Any CPU.Build.0 = Release|Any CPU
		{C7B604F2-F252-4E75-A394-595149E35A11}.Release|Any CPU.Deploy.0 = Release|Any CPU
		{C7B604F2-F252-4E75-A394-595149E35A11}.Release|ARM.ActiveCfg = Release|Any CPU
		{C7B604F2-F252-4E75-A394-595149E35A11}.Release|ARM.Build.0 = Release|Any CPU
		{C7B604F2-F252-4E75-A394-595149E35A11}.Release|ARM.Deploy.0 = Release|Any CPU
		{C7B604F2-F252-4E75-A394-595149E35A11}.Release|iPhone.ActiveCfg = Release|Any CPU
		{C7B604F2-F252-4E75-A394-595149E35A11}.Release|iPhone.Build.0 = Release|Any CPU
		{C7B604F2-F252-4E75-A394-595149E35A11}.Release|iPhone.Deploy.0 = Release|Any CPU
		{C7B604F2-F252-4E75-A394-595149E35A11}.Release|iPhoneSimulator.ActiveCfg = Release|Any CPU
		{C7B604F2-F252-4E75-A394-595149E35A11}.Release|iPhoneSimulator.Build.0 = Release|Any CPU
		{C7B604F2-F252-4E75-A394-595149E35A11}.Release|iPhoneSimulator.Deploy.0 = Release|Any CPU
		{C7B604F2-F252-4E75-A394-595149E35A11}.Release|x64.ActiveCfg = Release|Any CPU
		{C7B604F2-F252-4E75-A394-595149E35A11}.Release|x64.Build.0 = Release|Any CPU
		{C7B604F2-F252-4E75-A394-595149E35A11}.Release|x64.Deploy.0 = Release|Any CPU
		{C7B604F2-F252-4E75-A394-595149E35A11}.Release|x86.ActiveCfg = Release|Any CPU
		{C7B604F2-F252-4E75-A394-595149E35A11}.Release|x86.Build.0 = Release|Any CPU
		{C7B604F2-F252-4E75-A394-595149E35A11}.Release|x86.Deploy.0 = Release|Any CPU
		{F01E3E0A-F705-454F-ACD5-4CBBF9B585B2}.Ad-Hoc|Any CPU.ActiveCfg = Release|Any CPU
		{F01E3E0A-F705-454F-ACD5-4CBBF9B585B2}.Ad-Hoc|Any CPU.Build.0 = Release|Any CPU
		{F01E3E0A-F705-454F-ACD5-4CBBF9B585B2}.Ad-Hoc|ARM.ActiveCfg = Release|Any CPU
		{F01E3E0A-F705-454F-ACD5-4CBBF9B585B2}.Ad-Hoc|ARM.Build.0 = Release|Any CPU
		{F01E3E0A-F705-454F-ACD5-4CBBF9B585B2}.Ad-Hoc|iPhone.ActiveCfg = Release|Any CPU
		{F01E3E0A-F705-454F-ACD5-4CBBF9B585B2}.Ad-Hoc|iPhone.Build.0 = Release|Any CPU
		{F01E3E0A-F705-454F-ACD5-4CBBF9B585B2}.Ad-Hoc|iPhoneSimulator.ActiveCfg = Release|Any CPU
		{F01E3E0A-F705-454F-ACD5-4CBBF9B585B2}.Ad-Hoc|iPhoneSimulator.Build.0 = Release|Any CPU
		{F01E3E0A-F705-454F-ACD5-4CBBF9B585B2}.Ad-Hoc|x64.ActiveCfg = Release|Any CPU
		{F01E3E0A-F705-454F-ACD5-4CBBF9B585B2}.Ad-Hoc|x64.Build.0 = Release|Any CPU
		{F01E3E0A-F705-454F-ACD5-4CBBF9B585B2}.Ad-Hoc|x86.ActiveCfg = Release|Any CPU
		{F01E3E0A-F705-454F-ACD5-4CBBF9B585B2}.Ad-Hoc|x86.Build.0 = Release|Any CPU
		{F01E3E0A-F705-454F-ACD5-4CBBF9B585B2}.AppStore|Any CPU.ActiveCfg = Release|Any CPU
		{F01E3E0A-F705-454F-ACD5-4CBBF9B585B2}.AppStore|Any CPU.Build.0 = Release|Any CPU
		{F01E3E0A-F705-454F-ACD5-4CBBF9B585B2}.AppStore|ARM.ActiveCfg = Release|Any CPU
		{F01E3E0A-F705-454F-ACD5-4CBBF9B585B2}.AppStore|ARM.Build.0 = Release|Any CPU
		{F01E3E0A-F705-454F-ACD5-4CBBF9B585B2}.AppStore|iPhone.ActiveCfg = Release|Any CPU
		{F01E3E0A-F705-454F-ACD5-4CBBF9B585B2}.AppStore|iPhone.Build.0 = Release|Any CPU
		{F01E3E0A-F705-454F-ACD5-4CBBF9B585B2}.AppStore|iPhoneSimulator.ActiveCfg = Release|Any CPU
		{F01E3E0A-F705-454F-ACD5-4CBBF9B585B2}.AppStore|iPhoneSimulator.Build.0 = Release|Any CPU
		{F01E3E0A-F705-454F-ACD5-4CBBF9B585B2}.AppStore|x64.ActiveCfg = Release|Any CPU
		{F01E3E0A-F705-454F-ACD5-4CBBF9B585B2}.AppStore|x64.Build.0 = Release|Any CPU
		{F01E3E0A-F705-454F-ACD5-4CBBF9B585B2}.AppStore|x86.ActiveCfg = Release|Any CPU
		{F01E3E0A-F705-454F-ACD5-4CBBF9B585B2}.AppStore|x86.Build.0 = Release|Any CPU
		{F01E3E0A-F705-454F-ACD5-4CBBF9B585B2}.Debug|Any CPU.ActiveCfg = Debug|Any CPU
		{F01E3E0A-F705-454F-ACD5-4CBBF9B585B2}.Debug|Any CPU.Build.0 = Debug|Any CPU
		{F01E3E0A-F705-454F-ACD5-4CBBF9B585B2}.Debug|ARM.ActiveCfg = Debug|Any CPU
		{F01E3E0A-F705-454F-ACD5-4CBBF9B585B2}.Debug|ARM.Build.0 = Debug|Any CPU
		{F01E3E0A-F705-454F-ACD5-4CBBF9B585B2}.Debug|iPhone.ActiveCfg = Debug|Any CPU
		{F01E3E0A-F705-454F-ACD5-4CBBF9B585B2}.Debug|iPhone.Build.0 = Debug|Any CPU
		{F01E3E0A-F705-454F-ACD5-4CBBF9B585B2}.Debug|iPhoneSimulator.ActiveCfg = Debug|Any CPU
		{F01E3E0A-F705-454F-ACD5-4CBBF9B585B2}.Debug|iPhoneSimulator.Build.0 = Debug|Any CPU
		{F01E3E0A-F705-454F-ACD5-4CBBF9B585B2}.Debug|x64.ActiveCfg = Debug|Any CPU
		{F01E3E0A-F705-454F-ACD5-4CBBF9B585B2}.Debug|x64.Build.0 = Debug|Any CPU
		{F01E3E0A-F705-454F-ACD5-4CBBF9B585B2}.Debug|x86.ActiveCfg = Debug|Any CPU
		{F01E3E0A-F705-454F-ACD5-4CBBF9B585B2}.Debug|x86.Build.0 = Debug|Any CPU
		{F01E3E0A-F705-454F-ACD5-4CBBF9B585B2}.Release|Any CPU.ActiveCfg = Release|Any CPU
		{F01E3E0A-F705-454F-ACD5-4CBBF9B585B2}.Release|Any CPU.Build.0 = Release|Any CPU
		{F01E3E0A-F705-454F-ACD5-4CBBF9B585B2}.Release|ARM.ActiveCfg = Release|Any CPU
		{F01E3E0A-F705-454F-ACD5-4CBBF9B585B2}.Release|ARM.Build.0 = Release|Any CPU
		{F01E3E0A-F705-454F-ACD5-4CBBF9B585B2}.Release|iPhone.ActiveCfg = Release|Any CPU
		{F01E3E0A-F705-454F-ACD5-4CBBF9B585B2}.Release|iPhone.Build.0 = Release|Any CPU
		{F01E3E0A-F705-454F-ACD5-4CBBF9B585B2}.Release|iPhoneSimulator.ActiveCfg = Release|Any CPU
		{F01E3E0A-F705-454F-ACD5-4CBBF9B585B2}.Release|iPhoneSimulator.Build.0 = Release|Any CPU
		{F01E3E0A-F705-454F-ACD5-4CBBF9B585B2}.Release|x64.ActiveCfg = Release|Any CPU
		{F01E3E0A-F705-454F-ACD5-4CBBF9B585B2}.Release|x64.Build.0 = Release|Any CPU
		{F01E3E0A-F705-454F-ACD5-4CBBF9B585B2}.Release|x86.ActiveCfg = Release|Any CPU
		{F01E3E0A-F705-454F-ACD5-4CBBF9B585B2}.Release|x86.Build.0 = Release|Any CPU
		{866433E3-0342-4790-9446-5A586F824E10}.Ad-Hoc|Any CPU.ActiveCfg = Release|x86
		{866433E3-0342-4790-9446-5A586F824E10}.Ad-Hoc|Any CPU.Build.0 = Release|x86
		{866433E3-0342-4790-9446-5A586F824E10}.Ad-Hoc|Any CPU.Deploy.0 = Release|x86
		{866433E3-0342-4790-9446-5A586F824E10}.Ad-Hoc|ARM.ActiveCfg = Release|ARM
		{866433E3-0342-4790-9446-5A586F824E10}.Ad-Hoc|ARM.Build.0 = Release|ARM
		{866433E3-0342-4790-9446-5A586F824E10}.Ad-Hoc|ARM.Deploy.0 = Release|ARM
		{866433E3-0342-4790-9446-5A586F824E10}.Ad-Hoc|iPhone.ActiveCfg = Release|x86
		{866433E3-0342-4790-9446-5A586F824E10}.Ad-Hoc|iPhone.Build.0 = Release|x86
		{866433E3-0342-4790-9446-5A586F824E10}.Ad-Hoc|iPhone.Deploy.0 = Release|x86
		{866433E3-0342-4790-9446-5A586F824E10}.Ad-Hoc|iPhoneSimulator.ActiveCfg = Release|x86
		{866433E3-0342-4790-9446-5A586F824E10}.Ad-Hoc|iPhoneSimulator.Build.0 = Release|x86
		{866433E3-0342-4790-9446-5A586F824E10}.Ad-Hoc|iPhoneSimulator.Deploy.0 = Release|x86
		{866433E3-0342-4790-9446-5A586F824E10}.Ad-Hoc|x64.ActiveCfg = Release|x64
		{866433E3-0342-4790-9446-5A586F824E10}.Ad-Hoc|x64.Build.0 = Release|x64
		{866433E3-0342-4790-9446-5A586F824E10}.Ad-Hoc|x64.Deploy.0 = Release|x64
		{866433E3-0342-4790-9446-5A586F824E10}.Ad-Hoc|x86.ActiveCfg = Release|x86
		{866433E3-0342-4790-9446-5A586F824E10}.Ad-Hoc|x86.Build.0 = Release|x86
		{866433E3-0342-4790-9446-5A586F824E10}.Ad-Hoc|x86.Deploy.0 = Release|x86
		{866433E3-0342-4790-9446-5A586F824E10}.AppStore|Any CPU.ActiveCfg = Release|x86
		{866433E3-0342-4790-9446-5A586F824E10}.AppStore|Any CPU.Build.0 = Release|x86
		{866433E3-0342-4790-9446-5A586F824E10}.AppStore|Any CPU.Deploy.0 = Release|x86
		{866433E3-0342-4790-9446-5A586F824E10}.AppStore|ARM.ActiveCfg = Release|ARM
		{866433E3-0342-4790-9446-5A586F824E10}.AppStore|ARM.Build.0 = Release|ARM
		{866433E3-0342-4790-9446-5A586F824E10}.AppStore|ARM.Deploy.0 = Release|ARM
		{866433E3-0342-4790-9446-5A586F824E10}.AppStore|iPhone.ActiveCfg = Release|x86
		{866433E3-0342-4790-9446-5A586F824E10}.AppStore|iPhone.Build.0 = Release|x86
		{866433E3-0342-4790-9446-5A586F824E10}.AppStore|iPhone.Deploy.0 = Release|x86
		{866433E3-0342-4790-9446-5A586F824E10}.AppStore|iPhoneSimulator.ActiveCfg = Release|x86
		{866433E3-0342-4790-9446-5A586F824E10}.AppStore|iPhoneSimulator.Build.0 = Release|x86
		{866433E3-0342-4790-9446-5A586F824E10}.AppStore|iPhoneSimulator.Deploy.0 = Release|x86
		{866433E3-0342-4790-9446-5A586F824E10}.AppStore|x64.ActiveCfg = Release|x64
		{866433E3-0342-4790-9446-5A586F824E10}.AppStore|x64.Build.0 = Release|x64
		{866433E3-0342-4790-9446-5A586F824E10}.AppStore|x64.Deploy.0 = Release|x64
		{866433E3-0342-4790-9446-5A586F824E10}.AppStore|x86.ActiveCfg = Release|x86
		{866433E3-0342-4790-9446-5A586F824E10}.AppStore|x86.Build.0 = Release|x86
		{866433E3-0342-4790-9446-5A586F824E10}.AppStore|x86.Deploy.0 = Release|x86
		{866433E3-0342-4790-9446-5A586F824E10}.Debug|Any CPU.ActiveCfg = Debug|x86
		{866433E3-0342-4790-9446-5A586F824E10}.Debug|ARM.ActiveCfg = Debug|ARM
		{866433E3-0342-4790-9446-5A586F824E10}.Debug|ARM.Build.0 = Debug|ARM
		{866433E3-0342-4790-9446-5A586F824E10}.Debug|ARM.Deploy.0 = Debug|ARM
		{866433E3-0342-4790-9446-5A586F824E10}.Debug|iPhone.ActiveCfg = Debug|x86
		{866433E3-0342-4790-9446-5A586F824E10}.Debug|iPhoneSimulator.ActiveCfg = Debug|x86
		{866433E3-0342-4790-9446-5A586F824E10}.Debug|x64.ActiveCfg = Debug|x64
		{866433E3-0342-4790-9446-5A586F824E10}.Debug|x64.Build.0 = Debug|x64
		{866433E3-0342-4790-9446-5A586F824E10}.Debug|x64.Deploy.0 = Debug|x64
		{866433E3-0342-4790-9446-5A586F824E10}.Debug|x86.ActiveCfg = Debug|x86
		{866433E3-0342-4790-9446-5A586F824E10}.Debug|x86.Build.0 = Debug|x86
		{866433E3-0342-4790-9446-5A586F824E10}.Debug|x86.Deploy.0 = Debug|x86
		{866433E3-0342-4790-9446-5A586F824E10}.Release|Any CPU.ActiveCfg = Release|x86
		{866433E3-0342-4790-9446-5A586F824E10}.Release|ARM.ActiveCfg = Release|ARM
		{866433E3-0342-4790-9446-5A586F824E10}.Release|ARM.Build.0 = Release|ARM
		{866433E3-0342-4790-9446-5A586F824E10}.Release|ARM.Deploy.0 = Release|ARM
		{866433E3-0342-4790-9446-5A586F824E10}.Release|iPhone.ActiveCfg = Release|x86
		{866433E3-0342-4790-9446-5A586F824E10}.Release|iPhoneSimulator.ActiveCfg = Release|x86
		{866433E3-0342-4790-9446-5A586F824E10}.Release|x64.ActiveCfg = Release|x64
		{866433E3-0342-4790-9446-5A586F824E10}.Release|x64.Build.0 = Release|x64
		{866433E3-0342-4790-9446-5A586F824E10}.Release|x64.Deploy.0 = Release|x64
		{866433E3-0342-4790-9446-5A586F824E10}.Release|x86.ActiveCfg = Release|x86
		{866433E3-0342-4790-9446-5A586F824E10}.Release|x86.Build.0 = Release|x86
		{866433E3-0342-4790-9446-5A586F824E10}.Release|x86.Deploy.0 = Release|x86
		{C8221DA4-B3A0-4B86-843F-F4D9FBACDA8F}.Ad-Hoc|Any CPU.ActiveCfg = Ad-Hoc|iPhone
		{C8221DA4-B3A0-4B86-843F-F4D9FBACDA8F}.Ad-Hoc|ARM.ActiveCfg = Ad-Hoc|iPhone
		{C8221DA4-B3A0-4B86-843F-F4D9FBACDA8F}.Ad-Hoc|iPhone.ActiveCfg = Ad-Hoc|iPhone
		{C8221DA4-B3A0-4B86-843F-F4D9FBACDA8F}.Ad-Hoc|iPhone.Build.0 = Ad-Hoc|iPhone
		{C8221DA4-B3A0-4B86-843F-F4D9FBACDA8F}.Ad-Hoc|iPhoneSimulator.ActiveCfg = Ad-Hoc|iPhoneSimulator
		{C8221DA4-B3A0-4B86-843F-F4D9FBACDA8F}.Ad-Hoc|iPhoneSimulator.Build.0 = Ad-Hoc|iPhoneSimulator
		{C8221DA4-B3A0-4B86-843F-F4D9FBACDA8F}.Ad-Hoc|x64.ActiveCfg = Ad-Hoc|iPhone
		{C8221DA4-B3A0-4B86-843F-F4D9FBACDA8F}.Ad-Hoc|x86.ActiveCfg = Ad-Hoc|iPhone
		{C8221DA4-B3A0-4B86-843F-F4D9FBACDA8F}.AppStore|Any CPU.ActiveCfg = AppStore|iPhone
		{C8221DA4-B3A0-4B86-843F-F4D9FBACDA8F}.AppStore|ARM.ActiveCfg = AppStore|iPhone
		{C8221DA4-B3A0-4B86-843F-F4D9FBACDA8F}.AppStore|iPhone.ActiveCfg = AppStore|iPhone
		{C8221DA4-B3A0-4B86-843F-F4D9FBACDA8F}.AppStore|iPhone.Build.0 = AppStore|iPhone
		{C8221DA4-B3A0-4B86-843F-F4D9FBACDA8F}.AppStore|iPhoneSimulator.ActiveCfg = AppStore|iPhoneSimulator
		{C8221DA4-B3A0-4B86-843F-F4D9FBACDA8F}.AppStore|iPhoneSimulator.Build.0 = AppStore|iPhoneSimulator
		{C8221DA4-B3A0-4B86-843F-F4D9FBACDA8F}.AppStore|x64.ActiveCfg = AppStore|iPhone
		{C8221DA4-B3A0-4B86-843F-F4D9FBACDA8F}.AppStore|x86.ActiveCfg = AppStore|iPhone
		{C8221DA4-B3A0-4B86-843F-F4D9FBACDA8F}.Debug|Any CPU.ActiveCfg = Debug|iPhone
		{C8221DA4-B3A0-4B86-843F-F4D9FBACDA8F}.Debug|ARM.ActiveCfg = Debug|iPhone
		{C8221DA4-B3A0-4B86-843F-F4D9FBACDA8F}.Debug|iPhone.ActiveCfg = Debug|iPhone
		{C8221DA4-B3A0-4B86-843F-F4D9FBACDA8F}.Debug|iPhone.Build.0 = Debug|iPhone
		{C8221DA4-B3A0-4B86-843F-F4D9FBACDA8F}.Debug|iPhoneSimulator.ActiveCfg = Debug|iPhoneSimulator
		{C8221DA4-B3A0-4B86-843F-F4D9FBACDA8F}.Debug|iPhoneSimulator.Build.0 = Debug|iPhoneSimulator
		{C8221DA4-B3A0-4B86-843F-F4D9FBACDA8F}.Debug|x64.ActiveCfg = Debug|iPhone
		{C8221DA4-B3A0-4B86-843F-F4D9FBACDA8F}.Debug|x86.ActiveCfg = Debug|iPhone
		{C8221DA4-B3A0-4B86-843F-F4D9FBACDA8F}.Release|Any CPU.ActiveCfg = Release|iPhone
		{C8221DA4-B3A0-4B86-843F-F4D9FBACDA8F}.Release|ARM.ActiveCfg = Release|iPhone
		{C8221DA4-B3A0-4B86-843F-F4D9FBACDA8F}.Release|iPhone.ActiveCfg = Release|iPhone
		{C8221DA4-B3A0-4B86-843F-F4D9FBACDA8F}.Release|iPhone.Build.0 = Release|iPhone
		{C8221DA4-B3A0-4B86-843F-F4D9FBACDA8F}.Release|iPhoneSimulator.ActiveCfg = Release|iPhoneSimulator
		{C8221DA4-B3A0-4B86-843F-F4D9FBACDA8F}.Release|iPhoneSimulator.Build.0 = Release|iPhoneSimulator
		{C8221DA4-B3A0-4B86-843F-F4D9FBACDA8F}.Release|x64.ActiveCfg = Release|iPhone
		{C8221DA4-B3A0-4B86-843F-F4D9FBACDA8F}.Release|x86.ActiveCfg = Release|iPhone
	EndGlobalSection
	GlobalSection(SolutionProperties) = preSolution
		HideSolutionNode = FALSE
	EndGlobalSection
	GlobalSection(ExtensibilityGlobals) = postSolution
		SolutionGuid = {6284F0D6-42FD-45A9-ADAE-529377B1D66A}
	EndGlobalSection
EndGlobal
